// !$*UTF8*$!
{
	archiveVersion = 1;
	classes = {
	};
	objectVersion = 46;
	objects = {

/* Begin PBXBuildFile section */
		ADBBAA0F1CB1EDB700191643 /* AppDelegate.swift in Sources */ = {isa = PBXBuildFile; fileRef = ADBBAA0E1CB1EDB700191643 /* AppDelegate.swift */; };
		ADBBAA111CB1EDB700191643 /* ViewController.swift in Sources */ = {isa = PBXBuildFile; fileRef = ADBBAA101CB1EDB700191643 /* ViewController.swift */; };
		ADBBAA141CB1EDB700191643 /* Main.storyboard in Resources */ = {isa = PBXBuildFile; fileRef = ADBBAA121CB1EDB700191643 /* Main.storyboard */; };
		ADBBAA161CB1EDB700191643 /* Assets.xcassets in Resources */ = {isa = PBXBuildFile; fileRef = ADBBAA151CB1EDB700191643 /* Assets.xcassets */; };
		ADBBAA191CB1EDB700191643 /* LaunchScreen.storyboard in Resources */ = {isa = PBXBuildFile; fileRef = ADBBAA171CB1EDB700191643 /* LaunchScreen.storyboard */; };
		ADBBAA301CB1F52300191643 /* 1.jpg in Resources */ = {isa = PBXBuildFile; fileRef = ADBBAA211CB1F52300191643 /* 1.jpg */; };
		ADBBAA311CB1F52300191643 /* 2.jpg in Resources */ = {isa = PBXBuildFile; fileRef = ADBBAA221CB1F52300191643 /* 2.jpg */; };
		ADBBAA321CB1F52300191643 /* 3.jpg in Resources */ = {isa = PBXBuildFile; fileRef = ADBBAA231CB1F52300191643 /* 3.jpg */; };
		ADBBAA331CB1F52300191643 /* 4.jpg in Resources */ = {isa = PBXBuildFile; fileRef = ADBBAA241CB1F52300191643 /* 4.jpg */; };
		ADBBAA341CB1F52300191643 /* 5.jpg in Resources */ = {isa = PBXBuildFile; fileRef = ADBBAA251CB1F52300191643 /* 5.jpg */; };
		ADBBAA351CB1F52300191643 /* 6.jpg in Resources */ = {isa = PBXBuildFile; fileRef = ADBBAA261CB1F52300191643 /* 6.jpg */; };
		ADBBAA361CB1F52300191643 /* 7.jpg in Resources */ = {isa = PBXBuildFile; fileRef = ADBBAA271CB1F52300191643 /* 7.jpg */; };
		ADBBAA371CB1F52300191643 /* 8.jpg in Resources */ = {isa = PBXBuildFile; fileRef = ADBBAA281CB1F52300191643 /* 8.jpg */; };
		ADBBAA381CB1F52300191643 /* 9.jpg in Resources */ = {isa = PBXBuildFile; fileRef = ADBBAA291CB1F52300191643 /* 9.jpg */; };
		ADBBAA391CB1F52300191643 /* 10.jpg in Resources */ = {isa = PBXBuildFile; fileRef = ADBBAA2A1CB1F52300191643 /* 10.jpg */; };
		ADBBAA3A1CB1F52300191643 /* 11.jpg in Resources */ = {isa = PBXBuildFile; fileRef = ADBBAA2B1CB1F52300191643 /* 11.jpg */; };
		ADBBAA3B1CB1F52300191643 /* 12.jpg in Resources */ = {isa = PBXBuildFile; fileRef = ADBBAA2C1CB1F52300191643 /* 12.jpg */; };
		ADBBAA3C1CB1F52300191643 /* 13.jpg in Resources */ = {isa = PBXBuildFile; fileRef = ADBBAA2D1CB1F52300191643 /* 13.jpg */; };
		ADBBAA3D1CB1F52300191643 /* 14.jpg in Resources */ = {isa = PBXBuildFile; fileRef = ADBBAA2E1CB1F52300191643 /* 14.jpg */; };
		ADBBAA3E1CB1F52300191643 /* 15.jpg in Resources */ = {isa = PBXBuildFile; fileRef = ADBBAA2F1CB1F52300191643 /* 15.jpg */; };
/* End PBXBuildFile section */

/* Begin PBXFileReference section */
		ADBBAA0B1CB1EDB700191643 /* DigitalFrame.app */ = {isa = PBXFileReference; explicitFileType = wrapper.application; includeInIndex = 0; path = DigitalFrame.app; sourceTree = BUILT_PRODUCTS_DIR; };
		ADBBAA0E1CB1EDB700191643 /* AppDelegate.swift */ = {isa = PBXFileReference; lastKnownFileType = sourcecode.swift; path = AppDelegate.swift; sourceTree = "<group>"; };
		ADBBAA101CB1EDB700191643 /* ViewController.swift */ = {isa = PBXFileReference; lastKnownFileType = sourcecode.swift; path = ViewController.swift; sourceTree = "<group>"; };
		ADBBAA131CB1EDB700191643 /* Base */ = {isa = PBXFileReference; lastKnownFileType = file.storyboard; name = Base; path = Base.lproj/Main.storyboard; sourceTree = "<group>"; };
		ADBBAA151CB1EDB700191643 /* Assets.xcassets */ = {isa = PBXFileReference; lastKnownFileType = folder.assetcatalog; path = Assets.xcassets; sourceTree = "<group>"; };
		ADBBAA181CB1EDB700191643 /* Base */ = {isa = PBXFileReference; lastKnownFileType = file.storyboard; name = Base; path = Base.lproj/LaunchScreen.storyboard; sourceTree = "<group>"; };
		ADBBAA1A1CB1EDB700191643 /* Info.plist */ = {isa = PBXFileReference; lastKnownFileType = text.plist.xml; path = Info.plist; sourceTree = "<group>"; };
		ADBBAA211CB1F52300191643 /* 1.jpg */ = {isa = PBXFileReference; lastKnownFileType = image.jpeg; name = 1.jpg; path = ../../../Downloads/36Images/1.jpg; sourceTree = "<group>"; };
		ADBBAA221CB1F52300191643 /* 2.jpg */ = {isa = PBXFileReference; lastKnownFileType = image.jpeg; name = 2.jpg; path = ../../../Downloads/36Images/2.jpg; sourceTree = "<group>"; };
		ADBBAA231CB1F52300191643 /* 3.jpg */ = {isa = PBXFileReference; lastKnownFileType = image.jpeg; name = 3.jpg; path = ../../../Downloads/36Images/3.jpg; sourceTree = "<group>"; };
		ADBBAA241CB1F52300191643 /* 4.jpg */ = {isa = PBXFileReference; lastKnownFileType = image.jpeg; name = 4.jpg; path = ../../../Downloads/36Images/4.jpg; sourceTree = "<group>"; };
		ADBBAA251CB1F52300191643 /* 5.jpg */ = {isa = PBXFileReference; lastKnownFileType = image.jpeg; name = 5.jpg; path = ../../../Downloads/36Images/5.jpg; sourceTree = "<group>"; };
		ADBBAA261CB1F52300191643 /* 6.jpg */ = {isa = PBXFileReference; lastKnownFileType = image.jpeg; name = 6.jpg; path = ../../../Downloads/36Images/6.jpg; sourceTree = "<group>"; };
		ADBBAA271CB1F52300191643 /* 7.jpg */ = {isa = PBXFileReference; lastKnownFileType = image.jpeg; name = 7.jpg; path = ../../../Downloads/36Images/7.jpg; sourceTree = "<group>"; };
		ADBBAA281CB1F52300191643 /* 8.jpg */ = {isa = PBXFileReference; lastKnownFileType = image.jpeg; name = 8.jpg; path = ../../../Downloads/36Images/8.jpg; sourceTree = "<group>"; };
		ADBBAA291CB1F52300191643 /* 9.jpg */ = {isa = PBXFileReference; lastKnownFileType = image.jpeg; name = 9.jpg; path = ../../../Downloads/36Images/9.jpg; sourceTree = "<group>"; };
		ADBBAA2A1CB1F52300191643 /* 10.jpg */ = {isa = PBXFileReference; lastKnownFileType = image.jpeg; name = 10.jpg; path = ../../../Downloads/36Images/10.jpg; sourceTree = "<group>"; };
		ADBBAA2B1CB1F52300191643 /* 11.jpg */ = {isa = PBXFileReference; lastKnownFileType = image.jpeg; name = 11.jpg; path = ../../../Downloads/36Images/11.jpg; sourceTree = "<group>"; };
		ADBBAA2C1CB1F52300191643 /* 12.jpg */ = {isa = PBXFileReference; lastKnownFileType = image.jpeg; name = 12.jpg; path = ../../../Downloads/36Images/12.jpg; sourceTree = "<group>"; };
		ADBBAA2D1CB1F52300191643 /* 13.jpg */ = {isa = PBXFileReference; lastKnownFileType = image.jpeg; name = 13.jpg; path = ../../../Downloads/36Images/13.jpg; sourceTree = "<group>"; };
		ADBBAA2E1CB1F52300191643 /* 14.jpg */ = {isa = PBXFileReference; lastKnownFileType = image.jpeg; name = 14.jpg; path = ../../../Downloads/36Images/14.jpg; sourceTree = "<group>"; };
		ADBBAA2F1CB1F52300191643 /* 15.jpg */ = {isa = PBXFileReference; lastKnownFileType = image.jpeg; name = 15.jpg; path = ../../../Downloads/36Images/15.jpg; sourceTree = "<group>"; };
/* End PBXFileReference section */

/* Begin PBXFrameworksBuildPhase section */
		ADBBAA081CB1EDB700191643 /* Frameworks */ = {
			isa = PBXFrameworksBuildPhase;
			buildActionMask = 2147483647;
			files = (
			);
			runOnlyForDeploymentPostprocessing = 0;
		};
/* End PBXFrameworksBuildPhase section */

/* Begin PBXGroup section */
		ADBBAA021CB1EDB700191643 = {
			isa = PBXGroup;
			children = (
				ADBBAA0D1CB1EDB700191643 /* DigitalFrame */,
				ADBBAA0C1CB1EDB700191643 /* Products */,
			);
			sourceTree = "<group>";
		};
		ADBBAA0C1CB1EDB700191643 /* Products */ = {
			isa = PBXGroup;
			children = (
				ADBBAA0B1CB1EDB700191643 /* DigitalFrame.app */,
			);
			name = Products;
			sourceTree = "<group>";
		};
		ADBBAA0D1CB1EDB700191643 /* DigitalFrame */ = {
			isa = PBXGroup;
			children = (
				ADBBAA201CB1F4B500191643 /* Resource */,
				ADBBAA0E1CB1EDB700191643 /* AppDelegate.swift */,
				ADBBAA101CB1EDB700191643 /* ViewController.swift */,
				ADBBAA121CB1EDB700191643 /* Main.storyboard */,
				ADBBAA151CB1EDB700191643 /* Assets.xcassets */,
				ADBBAA171CB1EDB700191643 /* LaunchScreen.storyboard */,
				ADBBAA1A1CB1EDB700191643 /* Info.plist */,
			);
			path = DigitalFrame;
			sourceTree = "<group>";
		};
		ADBBAA201CB1F4B500191643 /* Resource */ = {
			isa = PBXGroup;
			children = (
				ADBBAA211CB1F52300191643 /* 1.jpg */,
				ADBBAA221CB1F52300191643 /* 2.jpg */,
				ADBBAA231CB1F52300191643 /* 3.jpg */,
				ADBBAA241CB1F52300191643 /* 4.jpg */,
				ADBBAA251CB1F52300191643 /* 5.jpg */,
				ADBBAA261CB1F52300191643 /* 6.jpg */,
				ADBBAA271CB1F52300191643 /* 7.jpg */,
				ADBBAA281CB1F52300191643 /* 8.jpg */,
				ADBBAA291CB1F52300191643 /* 9.jpg */,
				ADBBAA2A1CB1F52300191643 /* 10.jpg */,
				ADBBAA2B1CB1F52300191643 /* 11.jpg */,
				ADBBAA2C1CB1F52300191643 /* 12.jpg */,
				ADBBAA2D1CB1F52300191643 /* 13.jpg */,
				ADBBAA2E1CB1F52300191643 /* 14.jpg */,
				ADBBAA2F1CB1F52300191643 /* 15.jpg */,
			);
			name = Resource;
			sourceTree = "<group>";
		};
/* End PBXGroup section */

/* Begin PBXNativeTarget section */
		ADBBAA0A1CB1EDB700191643 /* DigitalFrame */ = {
			isa = PBXNativeTarget;
			buildConfigurationList = ADBBAA1D1CB1EDB700191643 /* Build configuration list for PBXNativeTarget "DigitalFrame" */;
			buildPhases = (
				ADBBAA071CB1EDB700191643 /* Sources */,
				ADBBAA081CB1EDB700191643 /* Frameworks */,
				ADBBAA091CB1EDB700191643 /* Resources */,
			);
			buildRules = (
			);
			dependencies = (
			);
			name = DigitalFrame;
			productName = DigitalFrame;
			productReference = ADBBAA0B1CB1EDB700191643 /* DigitalFrame.app */;
			productType = "com.apple.product-type.application";
		};
/* End PBXNativeTarget section */

/* Begin PBXProject section */
		ADBBAA031CB1EDB700191643 /* Project object */ = {
			isa = PBXProject;
			attributes = {
				LastSwiftUpdateCheck = 0730;
				LastUpgradeCheck = 0730;
				ORGANIZATIONNAME = jaehalee;
				TargetAttributes = {
					ADBBAA0A1CB1EDB700191643 = {
						CreatedOnToolsVersion = 7.3;
					};
				};
			};
			buildConfigurationList = ADBBAA061CB1EDB700191643 /* Build configuration list for PBXProject "DigitalFrame" */;
			compatibilityVersion = "Xcode 3.2";
			developmentRegion = English;
			hasScannedForEncodings = 0;
			knownRegions = (
				en,
				Base,
			);
			mainGroup = ADBBAA021CB1EDB700191643;
			productRefGroup = ADBBAA0C1CB1EDB700191643 /* Products */;
			projectDirPath = "";
			projectRoot = "";
			targets = (
				ADBBAA0A1CB1EDB700191643 /* DigitalFrame */,
			);
		};
/* End PBXProject section */

/* Begin PBXResourcesBuildPhase section */
		ADBBAA091CB1EDB700191643 /* Resources */ = {
			isa = PBXResourcesBuildPhase;
			buildActionMask = 2147483647;
			files = (
				ADBBAA391CB1F52300191643 /* 10.jpg in Resources */,
				ADBBAA371CB1F52300191643 /* 8.jpg in Resources */,
				ADBBAA351CB1F52300191643 /* 6.jpg in Resources */,
				ADBBAA191CB1EDB700191643 /* LaunchScreen.storyboard in Resources */,
				ADBBAA341CB1F52300191643 /* 5.jpg in Resources */,
				ADBBAA3B1CB1F52300191643 /* 12.jpg in Resources */,
				ADBBAA3A1CB1F52300191643 /* 11.jpg in Resources */,
				ADBBAA331CB1F52300191643 /* 4.jpg in Resources */,
				ADBBAA3D1CB1F52300191643 /* 14.jpg in Resources */,
				ADBBAA301CB1F52300191643 /* 1.jpg in Resources */,
				ADBBAA3C1CB1F52300191643 /* 13.jpg in Resources */,
				ADBBAA311CB1F52300191643 /* 2.jpg in Resources */,
				ADBBAA321CB1F52300191643 /* 3.jpg in Resources */,
				ADBBAA361CB1F52300191643 /* 7.jpg in Resources */,
				ADBBAA381CB1F52300191643 /* 9.jpg in Resources */,
				ADBBAA161CB1EDB700191643 /* Assets.xcassets in Resources */,
				ADBBAA141CB1EDB700191643 /* Main.storyboard in Resources */,
				ADBBAA3E1CB1F52300191643 /* 15.jpg in Resources */,
			);
			runOnlyForDeploymentPostprocessing = 0;
		};
/* End PBXResourcesBuildPhase section */

/* Begin PBXSourcesBuildPhase section */
		ADBBAA071CB1EDB700191643 /* Sources */ = {
			isa = PBXSourcesBuildPhase;
			buildActionMask = 2147483647;
			files = (
				ADBBAA111CB1EDB700191643 /* ViewController.swift in Sources */,
				ADBBAA0F1CB1EDB700191643 /* AppDelegate.swift in Sources */,
			);
			runOnlyForDeploymentPostprocessing = 0;
		};
/* End PBXSourcesBuildPhase section */

/* Begin PBXVariantGroup section */
		ADBBAA121CB1EDB700191643 /* Main.storyboard */ = {
			isa = PBXVariantGroup;
			children = (
				ADBBAA131CB1EDB700191643 /* Base */,
			);
			name = Main.storyboard;
			sourceTree = "<group>";
		};
		ADBBAA171CB1EDB700191643 /* LaunchScreen.storyboard */ = {
			isa = PBXVariantGroup;
			children = (
				ADBBAA181CB1EDB700191643 /* Base */,
			);
			name = LaunchScreen.storyboard;
			sourceTree = "<group>";
		};
/* End PBXVariantGroup section */

/* Begin XCBuildConfiguration section */
		ADBBAA1B1CB1EDB700191643 /* Debug */ = {
			isa = XCBuildConfiguration;
			buildSettings = {
				ALWAYS_SEARCH_USER_PATHS = NO;
				CLANG_ANALYZER_NONNULL = YES;
				CLANG_CXX_LANGUAGE_STANDARD = "gnu++0x";
				CLANG_CXX_LIBRARY = "libc++";
				CLANG_ENABLE_MODULES = YES;
				CLANG_ENABLE_OBJC_ARC = YES;
				CLANG_WARN_BOOL_CONVERSION = YES;
				CLANG_WARN_CONSTANT_CONVERSION = YES;
				CLANG_WARN_DIRECT_OBJC_ISA_USAGE = YES_ERROR;
				CLANG_WARN_EMPTY_BODY = YES;
				CLANG_WARN_ENUM_CONVERSION = YES;
				CLANG_WARN_INT_CONVERSION = YES;
				CLANG_WARN_OBJC_ROOT_CLASS = YES_ERROR;
				CLANG_WARN_UNREACHABLE_CODE = YES;
				CLANG_WARN__DUPLICATE_METHOD_MATCH = YES;
				"CODE_SIGN_IDENTITY[sdk=iphoneos*]" = "iPhone Developer";
				COPY_PHASE_STRIP = NO;
				DEBUG_INFORMATION_FORMAT = dwarf;
				ENABLE_STRICT_OBJC_MSGSEND = YES;
				ENABLE_TESTABILITY = YES;
				GCC_C_LANGUAGE_STANDARD = gnu99;
				GCC_DYNAMIC_NO_PIC = NO;
				GCC_NO_COMMON_BLOCKS = YES;
				GCC_OPTIMIZATION_LEVEL = 0;
				GCC_PREPROCESSOR_DEFINITIONS = (
					"DEBUG=1",
					"$(inherited)",
				);
				GCC_WARN_64_TO_32_BIT_CONVERSION = YES;
				GCC_WARN_ABOUT_RETURN_TYPE = YES_ERROR;
				GCC_WARN_UNDECLARED_SELECTOR = YES;
				GCC_WARN_UNINITIALIZED_AUTOS = YES_AGGRESSIVE;
				GCC_WARN_UNUSED_FUNCTION = YES;
				GCC_WARN_UNUSED_VARIABLE = YES;
				IPHONEOS_DEPLOYMENT_TARGET = 9.3;
				MTL_ENABLE_DEBUG_INFO = YES;
				ONLY_ACTIVE_ARCH = YES;
				SDKROOT = iphoneos;
				SWIFT_OPTIMIZATION_LEVEL = "-Onone";
			};
			name = Debug;
		};
		ADBBAA1C1CB1EDB700191643 /* Release */ = {
			isa = XCBuildConfiguration;
			buildSettings = {
				ALWAYS_SEARCH_USER_PATHS = NO;
				CLANG_ANALYZER_NONNULL = YES;
				CLANG_CXX_LANGUAGE_STANDARD = "gnu++0x";
				CLANG_CXX_LIBRARY = "libc++";
				CLANG_ENABLE_MODULES = YES;
				CLANG_ENABLE_OBJC_ARC = YES;
				CLANG_WARN_BOOL_CONVERSION = YES;
				CLANG_WARN_CONSTANT_CONVERSION = YES;
				CLANG_WARN_DIRECT_OBJC_ISA_USAGE = YES_ERROR;
				CLANG_WARN_EMPTY_BODY = YES;
				CLANG_WARN_ENUM_CONVERSION = YES;
				CLANG_WARN_INT_CONVERSION = YES;
				CLANG_WARN_OBJC_ROOT_CLASS = YES_ERROR;
				CLANG_WARN_UNREACHABLE_CODE = YES;
				CLANG_WARN__DUPLICATE_METHOD_MATCH = YES;
				"CODE_SIGN_IDENTITY[sdk=iphoneos*]" = "iPhone Developer";
				COPY_PHASE_STRIP = NO;
				DEBUG_INFORMATION_FORMAT = "dwarf-with-dsym";
				ENABLE_NS_ASSERTIONS = NO;
				ENABLE_STRICT_OBJC_MSGSEND = YES;
				GCC_C_LANGUAGE_STANDARD = gnu99;
				GCC_NO_COMMON_BLOCKS = YES;
				GCC_WARN_64_TO_32_BIT_CONVERSION = YES;
				GCC_WARN_ABOUT_RETURN_TYPE = YES_ERROR;
				GCC_WARN_UNDECLARED_SELECTOR = YES;
				GCC_WARN_UNINITIALIZED_AUTOS = YES_AGGRESSIVE;
				GCC_WARN_UNUSED_FUNCTION = YES;
				GCC_WARN_UNUSED_VARIABLE = YES;
				IPHONEOS_DEPLOYMENT_TARGET = 9.3;
				MTL_ENABLE_DEBUG_INFO = NO;
				SDKROOT = iphoneos;
				VALIDATE_PRODUCT = YES;
			};
			name = Release;
		};
		ADBBAA1E1CB1EDB700191643 /* Debug */ = {
			isa = XCBuildConfiguration;
			buildSettings = {
				ASSETCATALOG_COMPILER_APPICON_NAME = AppIcon;
				INFOPLIST_FILE = DigitalFrame/Info.plist;
				LD_RUNPATH_SEARCH_PATHS = "$(inherited) @executable_path/Frameworks";
				PRODUCT_BUNDLE_IDENTIFIER = hanssem.com.DigitalFrame;
				PRODUCT_NAME = "$(TARGET_NAME)";
			};
			name = Debug;
		};
		ADBBAA1F1CB1EDB700191643 /* Release */ = {
			isa = XCBuildConfiguration;
			buildSettings = {
				ASSETCATALOG_COMPILER_APPICON_NAME = AppIcon;
				INFOPLIST_FILE = DigitalFrame/Info.plist;
				LD_RUNPATH_SEARCH_PATHS = "$(inherited) @executable_path/Frameworks";
				PRODUCT_BUNDLE_IDENTIFIER = hanssem.com.DigitalFrame;
				PRODUCT_NAME = "$(TARGET_NAME)";
			};
			name = Release;
		};
/* End XCBuildConfiguration section */

/* Begin XCConfigurationList section */
		ADBBAA061CB1EDB700191643 /* Build configuration list for PBXProject "DigitalFrame" */ = {
			isa = XCConfigurationList;
			buildConfigurations = (
				ADBBAA1B1CB1EDB700191643 /* Debug */,
				ADBBAA1C1CB1EDB700191643 /* Release */,
			);
			defaultConfigurationIsVisible = 0;
			defaultConfigurationName = Release;
		};
		ADBBAA1D1CB1EDB700191643 /* Build configuration list for PBXNativeTarget "DigitalFrame" */ = {
			isa = XCConfigurationList;
			buildConfigurations = (
				ADBBAA1E1CB1EDB700191643 /* Debug */,
				ADBBAA1F1CB1EDB700191643 /* Release */,
			);
			defaultConfigurationIsVisible = 0;
		};
/* End XCConfigurationList section */
	};
	rootObject = ADBBAA031CB1EDB700191643 /* Project object */;
}
